
Microsoft Visual Studio Solution File, Format Version 12.00
# Visual Studio Version 17
VisualStudioVersion = 17.7.34221.43
MinimumVisualStudioVersion = 10.0.40219.1
Project("{FAE04EC0-301F-11D3-BF4B-00C04F79EFBC}") = "UsersApi", "UsersApi.csproj", "{59E6B023-F98A-448C-BBF5-6206AB2CF75B}"
EndProject
Global
	GlobalSection(SolutionConfigurationPlatforms) = preSolution
		Debug|Any CPU = Debug|Any CPU
		Release|Any CPU = Release|Any CPU
	EndGlobalSection
	GlobalSection(ProjectConfigurationPlatforms) = postSolution
		{59E6B023-F98A-448C-BBF5-6206AB2CF75B}.Debug|Any CPU.ActiveCfg = Debug|Any CPU
		{59E6B023-F98A-448C-BBF5-6206AB2CF75B}.Debug|Any CPU.Build.0 = Debug|Any CPU
		{59E6B023-F98A-448C-BBF5-6206AB2CF75B}.Release|Any CPU.ActiveCfg = Release|Any CPU
		{59E6B023-F98A-448C-BBF5-6206AB2CF75B}.Release|Any CPU.Build.0 = Release|Any CPU
	EndGlobalSection
	GlobalSection(SolutionProperties) = preSolution
		HideSolutionNode = FALSE
	EndGlobalSection
	GlobalSection(ExtensibilityGlobals) = postSolution
		SolutionGuid = {F70A97AF-7954-4DCB-B4CA-93AA956E069A}
	EndGlobalSection
EndGlobal
